
Microsoft Visual Studio Solution File, Format Version 12.00
# Visual Studio 15
VisualStudioVersion = 15.0.26730.15
MinimumVisualStudioVersion = 10.0.40219.1
Project("{9A19103F-16F7-4668-BE54-9A1E7A4F7556}") = "Alexa.NET.Security.Middleware", "Alexa.NET.Security.Middleware\Alexa.NET.Security.Middleware.csproj", "{D286A615-A9E6-40C3-B59E-6652A16F8EB2}"
EndProject
Project("{FAE04EC0-301F-11D3-BF4B-00C04F79EFBC}") = "Alexa.NET.Security.Functions", "Alexa.NET.Security.Functions\Alexa.NET.Security.Functions.csproj", "{F482518E-F6DB-495A-89F3-A1A9B11902BF}"
EndProject
Global
	GlobalSection(SolutionConfigurationPlatforms) = preSolution
		Debug|Any CPU = Debug|Any CPU
		Release|Any CPU = Release|Any CPU
	EndGlobalSection
	GlobalSection(ProjectConfigurationPlatforms) = postSolution
		{D286A615-A9E6-40C3-B59E-6652A16F8EB2}.Debug|Any CPU.ActiveCfg = Debug|Any CPU
		{D286A615-A9E6-40C3-B59E-6652A16F8EB2}.Debug|Any CPU.Build.0 = Debug|Any CPU
		{D286A615-A9E6-40C3-B59E-6652A16F8EB2}.Release|Any CPU.ActiveCfg = Release|Any CPU
		{D286A615-A9E6-40C3-B59E-6652A16F8EB2}.Release|Any CPU.Build.0 = Release|Any CPU
		{F482518E-F6DB-495A-89F3-A1A9B11902BF}.Debug|Any CPU.ActiveCfg = Debug|Any CPU
		{F482518E-F6DB-495A-89F3-A1A9B11902BF}.Debug|Any CPU.Build.0 = Debug|Any CPU
		{F482518E-F6DB-495A-89F3-A1A9B11902BF}.Release|Any CPU.ActiveCfg = Release|Any CPU
		{F482518E-F6DB-495A-89F3-A1A9B11902BF}.Release|Any CPU.Build.0 = Release|Any CPU
	EndGlobalSection
	GlobalSection(SolutionProperties) = preSolution
		HideSolutionNode = FALSE
	EndGlobalSection
	GlobalSection(ExtensibilityGlobals) = postSolution
		SolutionGuid = {71100B83-D901-45FD-9B9C-FCD802A2040B}
	EndGlobalSection
EndGlobal
